// !$*UTF8*$!
{
	archiveVersion = 1;
	classes = {
	};
	objectVersion = 46;
	objects = {

/* Begin PBXBuildFile section */
		6459F3A81A81CAE1001F7656 /* main.m in Sources */ = {isa = PBXBuildFile; fileRef = 6459F3A71A81CAE1001F7656 /* main.m */; };
		6459F3AB1A81CAE1001F7656 /* AppDelegate.m in Sources */ = {isa = PBXBuildFile; fileRef = 6459F3AA1A81CAE1001F7656 /* AppDelegate.m */; };
		6459F3AE1A81CAE1001F7656 /* ViewController.m in Sources */ = {isa = PBXBuildFile; fileRef = 6459F3AD1A81CAE1001F7656 /* ViewController.m */; };
		6459F3B31A81CAE1001F7656 /* Images.xcassets in Resources */ = {isa = PBXBuildFile; fileRef = 6459F3B21A81CAE1001F7656 /* Images.xcassets */; };
		6459F3B61A81CAE1001F7656 /* LaunchScreen.xib in Resources */ = {isa = PBXBuildFile; fileRef = 6459F3B41A81CAE1001F7656 /* LaunchScreen.xib */; };
		6459F3C21A81CAE1001F7656 /* Laboratorio3Tests.m in Sources */ = {isa = PBXBuildFile; fileRef = 6459F3C11A81CAE1001F7656 /* Laboratorio3Tests.m */; };
		6459F3CC1A81CB0F001F7656 /* libsqlite3.dylib in Frameworks */ = {isa = PBXBuildFile; fileRef = 6459F3CB1A81CB0F001F7656 /* libsqlite3.dylib */; };
		6459F3CF1A81CC09001F7656 /* DBManager.m in Sources */ = {isa = PBXBuildFile; fileRef = 6459F3CE1A81CC09001F7656 /* DBManager.m */; };
		6459F3D11A81EA31001F7656 /* DBLaboratorio3.sqlite in Resources */ = {isa = PBXBuildFile; fileRef = 6459F3D01A81EA31001F7656 /* DBLaboratorio3.sqlite */; };
		6459F3D71A81EFBA001F7656 /* add.png in Resources */ = {isa = PBXBuildFile; fileRef = 6459F3D61A81EFBA001F7656 /* add.png */; };
		6459F3DC1A81F1EC001F7656 /* EditInfoViewController.m in Sources */ = {isa = PBXBuildFile; fileRef = 6459F3DB1A81F1EC001F7656 /* EditInfoViewController.m */; };
		6459F3E01A82F1FB001F7656 /* camara.png in Resources */ = {isa = PBXBuildFile; fileRef = 6459F3DF1A82F1FB001F7656 /* camara.png */; };
		6459F3E21A82F25C001F7656 /* finder.png in Resources */ = {isa = PBXBuildFile; fileRef = 6459F3E11A82F25C001F7656 /* finder.png */; };
		6459F4171A832374001F7656 /* YoutubeViewController.m in Sources */ = {isa = PBXBuildFile; fileRef = 6459F4161A832374001F7656 /* YoutubeViewController.m */; };
		6459F4191A832811001F7656 /* Main.storyboard in Resources */ = {isa = PBXBuildFile; fileRef = 6459F4181A832811001F7656 /* Main.storyboard */; };
		64837AB31A83EF53004BA846 /* Accounts.framework in Frameworks */ = {isa = PBXBuildFile; fileRef = 64837AB21A83EF53004BA846 /* Accounts.framework */; };
		64837AB51A83EF5B004BA846 /* Social.framework in Frameworks */ = {isa = PBXBuildFile; fileRef = 64837AB41A83EF5B004BA846 /* Social.framework */; };
		64837AB71A83EF64004BA846 /* Twitter.framework in Frameworks */ = {isa = PBXBuildFile; fileRef = 64837AB61A83EF64004BA846 /* Twitter.framework */; };
/* End PBXBuildFile section */

/* Begin PBXContainerItemProxy section */
		6459F3BC1A81CAE1001F7656 /* PBXContainerItemProxy */ = {
			isa = PBXContainerItemProxy;
			containerPortal = 6459F39A1A81CAE1001F7656 /* Project object */;
			proxyType = 1;
			remoteGlobalIDString = 6459F3A11A81CAE1001F7656;
			remoteInfo = Laboratorio3;
		};
/* End PBXContainerItemProxy section */

/* Begin PBXFileReference section */
		6459F3A21A81CAE1001F7656 /* Laboratorio3.app */ = {isa = PBXFileReference; explicitFileType = wrapper.application; includeInIndex = 0; path = Laboratorio3.app; sourceTree = BUILT_PRODUCTS_DIR; };
		6459F3A61A81CAE1001F7656 /* Info.plist */ = {isa = PBXFileReference; lastKnownFileType = text.plist.xml; path = Info.plist; sourceTree = "<group>"; };
		6459F3A71A81CAE1001F7656 /* main.m */ = {isa = PBXFileReference; lastKnownFileType = sourcecode.c.objc; path = main.m; sourceTree = "<group>"; };
		6459F3A91A81CAE1001F7656 /* AppDelegate.h */ = {isa = PBXFileReference; lastKnownFileType = sourcecode.c.h; path = AppDelegate.h; sourceTree = "<group>"; };
		6459F3AA1A81CAE1001F7656 /* AppDelegate.m */ = {isa = PBXFileReference; lastKnownFileType = sourcecode.c.objc; path = AppDelegate.m; sourceTree = "<group>"; };
		6459F3AC1A81CAE1001F7656 /* ViewController.h */ = {isa = PBXFileReference; lastKnownFileType = sourcecode.c.h; path = ViewController.h; sourceTree = "<group>"; };
		6459F3AD1A81CAE1001F7656 /* ViewController.m */ = {isa = PBXFileReference; lastKnownFileType = sourcecode.c.objc; path = ViewController.m; sourceTree = "<group>"; };
		6459F3B21A81CAE1001F7656 /* Images.xcassets */ = {isa = PBXFileReference; lastKnownFileType = folder.assetcatalog; path = Images.xcassets; sourceTree = "<group>"; };
		6459F3B51A81CAE1001F7656 /* Base */ = {isa = PBXFileReference; lastKnownFileType = file.xib; name = Base; path = Base.lproj/LaunchScreen.xib; sourceTree = "<group>"; };
		6459F3BB1A81CAE1001F7656 /* Laboratorio3Tests.xctest */ = {isa = PBXFileReference; explicitFileType = wrapper.cfbundle; includeInIndex = 0; path = Laboratorio3Tests.xctest; sourceTree = BUILT_PRODUCTS_DIR; };
		6459F3C01A81CAE1001F7656 /* Info.plist */ = {isa = PBXFileReference; lastKnownFileType = text.plist.xml; path = Info.plist; sourceTree = "<group>"; };
		6459F3C11A81CAE1001F7656 /* Laboratorio3Tests.m */ = {isa = PBXFileReference; lastKnownFileType = sourcecode.c.objc; path = Laboratorio3Tests.m; sourceTree = "<group>"; };
		6459F3CB1A81CB0F001F7656 /* libsqlite3.dylib */ = {isa = PBXFileReference; lastKnownFileType = "compiled.mach-o.dylib"; name = libsqlite3.dylib; path = usr/lib/libsqlite3.dylib; sourceTree = SDKROOT; };
		6459F3CD1A81CC09001F7656 /* DBManager.h */ = {isa = PBXFileReference; fileEncoding = 4; lastKnownFileType = sourcecode.c.h; name = DBManager.h; path = ../SQLite3DB/DBManager.h; sourceTree = "<group>"; };
		6459F3CE1A81CC09001F7656 /* DBManager.m */ = {isa = PBXFileReference; fileEncoding = 4; lastKnownFileType = sourcecode.c.objc; name = DBManager.m; path = ../SQLite3DB/DBManager.m; sourceTree = "<group>"; };
		6459F3D01A81EA31001F7656 /* DBLaboratorio3.sqlite */ = {isa = PBXFileReference; lastKnownFileType = file; name = DBLaboratorio3.sqlite; path = ../../../../DBSQLite/DBLaboratorio3.sqlite; sourceTree = "<group>"; };
		6459F3D61A81EFBA001F7656 /* add.png */ = {isa = PBXFileReference; lastKnownFileType = image.png; name = add.png; path = ../../add.png; sourceTree = "<group>"; };
		6459F3DA1A81F1EC001F7656 /* EditInfoViewController.h */ = {isa = PBXFileReference; fileEncoding = 4; lastKnownFileType = sourcecode.c.h; path = EditInfoViewController.h; sourceTree = "<group>"; };
		6459F3DB1A81F1EC001F7656 /* EditInfoViewController.m */ = {isa = PBXFileReference; fileEncoding = 4; lastKnownFileType = sourcecode.c.objc; path = EditInfoViewController.m; sourceTree = "<group>"; };
		6459F3DF1A82F1FB001F7656 /* camara.png */ = {isa = PBXFileReference; lastKnownFileType = image.png; name = camara.png; path = ../../camara.png; sourceTree = "<group>"; };
		6459F3E11A82F25C001F7656 /* finder.png */ = {isa = PBXFileReference; lastKnownFileType = image.png; name = finder.png; path = ../../finder.png; sourceTree = "<group>"; };
		6459F4151A832374001F7656 /* YoutubeViewController.h */ = {isa = PBXFileReference; fileEncoding = 4; lastKnownFileType = sourcecode.c.h; path = YoutubeViewController.h; sourceTree = "<group>"; };
		6459F4161A832374001F7656 /* YoutubeViewController.m */ = {isa = PBXFileReference; fileEncoding = 4; lastKnownFileType = sourcecode.c.objc; path = YoutubeViewController.m; sourceTree = "<group>"; };
		6459F4181A832811001F7656 /* Main.storyboard */ = {isa = PBXFileReference; fileEncoding = 4; lastKnownFileType = file.storyboard; path = Main.storyboard; sourceTree = "<group>"; };
		64837AB21A83EF53004BA846 /* Accounts.framework */ = {isa = PBXFileReference; lastKnownFileType = wrapper.framework; name = Accounts.framework; path = System/Library/Frameworks/Accounts.framework; sourceTree = SDKROOT; };
		64837AB41A83EF5B004BA846 /* Social.framework */ = {isa = PBXFileReference; lastKnownFileType = wrapper.framework; name = Social.framework; path = System/Library/Frameworks/Social.framework; sourceTree = SDKROOT; };
		64837AB61A83EF64004BA846 /* Twitter.framework */ = {isa = PBXFileReference; lastKnownFileType = wrapper.framework; name = Twitter.framework; path = System/Library/Frameworks/Twitter.framework; sourceTree = SDKROOT; };
/* End PBXFileReference section */

/* Begin PBXFrameworksBuildPhase section */
		6459F39F1A81CAE1001F7656 /* Frameworks */ = {
			isa = PBXFrameworksBuildPhase;
			buildActionMask = 2147483647;
			files = (
				64837AB71A83EF64004BA846 /* Twitter.framework in Frameworks */,
				64837AB51A83EF5B004BA846 /* Social.framework in Frameworks */,
				64837AB31A83EF53004BA846 /* Accounts.framework in Frameworks */,
				6459F3CC1A81CB0F001F7656 /* libsqlite3.dylib in Frameworks */,
			);
			runOnlyForDeploymentPostprocessing = 0;
		};
		6459F3B81A81CAE1001F7656 /* Frameworks */ = {
			isa = PBXFrameworksBuildPhase;
			buildActionMask = 2147483647;
			files = (
			);
			runOnlyForDeploymentPostprocessing = 0;
		};
/* End PBXFrameworksBuildPhase section */

/* Begin PBXGroup section */
		6459F3991A81CAE1001F7656 = {
			isa = PBXGroup;
			children = (
				64837AB61A83EF64004BA846 /* Twitter.framework */,
				64837AB41A83EF5B004BA846 /* Social.framework */,
				64837AB21A83EF53004BA846 /* Accounts.framework */,
				6459F3CB1A81CB0F001F7656 /* libsqlite3.dylib */,
				6459F3A41A81CAE1001F7656 /* Laboratorio3 */,
				6459F3BE1A81CAE1001F7656 /* Laboratorio3Tests */,
				6459F3A31A81CAE1001F7656 /* Products */,
			);
			sourceTree = "<group>";
		};
		6459F3A31A81CAE1001F7656 /* Products */ = {
			isa = PBXGroup;
			children = (
				6459F3A21A81CAE1001F7656 /* Laboratorio3.app */,
				6459F3BB1A81CAE1001F7656 /* Laboratorio3Tests.xctest */,
			);
			name = Products;
			sourceTree = "<group>";
		};
		6459F3A41A81CAE1001F7656 /* Laboratorio3 */ = {
			isa = PBXGroup;
			children = (
				6459F3B21A81CAE1001F7656 /* Images.xcassets */,
				6459F3E11A82F25C001F7656 /* finder.png */,
				6459F3D01A81EA31001F7656 /* DBLaboratorio3.sqlite */,
				6459F3DF1A82F1FB001F7656 /* camara.png */,
				6459F3D61A81EFBA001F7656 /* add.png */,
				6459F3A91A81CAE1001F7656 /* AppDelegate.h */,
				6459F3AA1A81CAE1001F7656 /* AppDelegate.m */,
				6459F3CD1A81CC09001F7656 /* DBManager.h */,
				6459F3CE1A81CC09001F7656 /* DBManager.m */,
				6459F3AC1A81CAE1001F7656 /* ViewController.h */,
				6459F3AD1A81CAE1001F7656 /* ViewController.m */,
				6459F4181A832811001F7656 /* Main.storyboard */,
				6459F3B41A81CAE1001F7656 /* LaunchScreen.xib */,
				6459F3A51A81CAE1001F7656 /* Supporting Files */,
				6459F3DA1A81F1EC001F7656 /* EditInfoViewController.h */,
				6459F3DB1A81F1EC001F7656 /* EditInfoViewController.m */,
				6459F4151A832374001F7656 /* YoutubeViewController.h */,
				6459F4161A832374001F7656 /* YoutubeViewController.m */,
			);
			path = Laboratorio3;
			sourceTree = "<group>";
		};
		6459F3A51A81CAE1001F7656 /* Supporting Files */ = {
			isa = PBXGroup;
			children = (
				6459F3A61A81CAE1001F7656 /* Info.plist */,
				6459F3A71A81CAE1001F7656 /* main.m */,
			);
			name = "Supporting Files";
			sourceTree = "<group>";
		};
		6459F3BE1A81CAE1001F7656 /* Laboratorio3Tests */ = {
			isa = PBXGroup;
			children = (
				6459F3C11A81CAE1001F7656 /* Laboratorio3Tests.m */,
				6459F3BF1A81CAE1001F7656 /* Supporting Files */,
			);
			path = Laboratorio3Tests;
			sourceTree = "<group>";
		};
		6459F3BF1A81CAE1001F7656 /* Supporting Files */ = {
			isa = PBXGroup;
			children = (
				6459F3C01A81CAE1001F7656 /* Info.plist */,
			);
			name = "Supporting Files";
			sourceTree = "<group>";
		};
/* End PBXGroup section */

/* Begin PBXNativeTarget section */
		6459F3A11A81CAE1001F7656 /* Laboratorio3 */ = {
			isa = PBXNativeTarget;
			buildConfigurationList = 6459F3C51A81CAE1001F7656 /* Build configuration list for PBXNativeTarget "Laboratorio3" */;
			buildPhases = (
				6459F39E1A81CAE1001F7656 /* Sources */,
				6459F39F1A81CAE1001F7656 /* Frameworks */,
				6459F3A01A81CAE1001F7656 /* Resources */,
			);
			buildRules = (
			);
			dependencies = (
			);
			name = Laboratorio3;
			productName = Laboratorio3;
			productReference = 6459F3A21A81CAE1001F7656 /* Laboratorio3.app */;
			productType = "com.apple.product-type.application";
		};
		6459F3BA1A81CAE1001F7656 /* Laboratorio3Tests */ = {
			isa = PBXNativeTarget;
			buildConfigurationList = 6459F3C81A81CAE1001F7656 /* Build configuration list for PBXNativeTarget "Laboratorio3Tests" */;
			buildPhases = (
				6459F3B71A81CAE1001F7656 /* Sources */,
				6459F3B81A81CAE1001F7656 /* Frameworks */,
				6459F3B91A81CAE1001F7656 /* Resources */,
			);
			buildRules = (
			);
			dependencies = (
				6459F3BD1A81CAE1001F7656 /* PBXTargetDependency */,
			);
			name = Laboratorio3Tests;
			productName = Laboratorio3Tests;
			productReference = 6459F3BB1A81CAE1001F7656 /* Laboratorio3Tests.xctest */;
			productType = "com.apple.product-type.bundle.unit-test";
		};
/* End PBXNativeTarget section */

/* Begin PBXProject section */
		6459F39A1A81CAE1001F7656 /* Project object */ = {
			isa = PBXProject;
			attributes = {
				LastUpgradeCheck = 0610;
				ORGANIZATIONNAME = Marcos;
				TargetAttributes = {
					6459F3A11A81CAE1001F7656 = {
						CreatedOnToolsVersion = 6.1.1;
					};
					6459F3BA1A81CAE1001F7656 = {
						CreatedOnToolsVersion = 6.1.1;
						TestTargetID = 6459F3A11A81CAE1001F7656;
					};
				};
			};
			buildConfigurationList = 6459F39D1A81CAE1001F7656 /* Build configuration list for PBXProject "Laboratorio3" */;
			compatibilityVersion = "Xcode 3.2";
			developmentRegion = English;
			hasScannedForEncodings = 0;
			knownRegions = (
				en,
				Base,
			);
			mainGroup = 6459F3991A81CAE1001F7656;
			productRefGroup = 6459F3A31A81CAE1001F7656 /* Products */;
			projectDirPath = "";
			projectRoot = "";
			targets = (
				6459F3A11A81CAE1001F7656 /* Laboratorio3 */,
				6459F3BA1A81CAE1001F7656 /* Laboratorio3Tests */,
			);
		};
/* End PBXProject section */

/* Begin PBXResourcesBuildPhase section */
		6459F3A01A81CAE1001F7656 /* Resources */ = {
			isa = PBXResourcesBuildPhase;
			buildActionMask = 2147483647;
			files = (
				6459F4191A832811001F7656 /* Main.storyboard in Resources */,
				6459F3D11A81EA31001F7656 /* DBLaboratorio3.sqlite in Resources */,
				6459F3B61A81CAE1001F7656 /* LaunchScreen.xib in Resources */,
				6459F3D71A81EFBA001F7656 /* add.png in Resources */,
				6459F3E01A82F1FB001F7656 /* camara.png in Resources */,
				6459F3B31A81CAE1001F7656 /* Images.xcassets in Resources */,
				6459F3E21A82F25C001F7656 /* finder.png in Resources */,
			);
			runOnlyForDeploymentPostprocessing = 0;
		};
		6459F3B91A81CAE1001F7656 /* Resources */ = {
			isa = PBXResourcesBuildPhase;
			buildActionMask = 2147483647;
			files = (
			);
			runOnlyForDeploymentPostprocessing = 0;
		};
/* End PBXResourcesBuildPhase section */

/* Begin PBXSourcesBuildPhase section */
		6459F39E1A81CAE1001F7656 /* Sources */ = {
			isa = PBXSourcesBuildPhase;
			buildActionMask = 2147483647;
			files = (
				6459F3DC1A81F1EC001F7656 /* EditInfoViewController.m in Sources */,
				6459F3AE1A81CAE1001F7656 /* ViewController.m in Sources */,
				6459F3AB1A81CAE1001F7656 /* AppDelegate.m in Sources */,
				6459F3A81A81CAE1001F7656 /* main.m in Sources */,
				6459F4171A832374001F7656 /* YoutubeViewController.m in Sources */,
				6459F3CF1A81CC09001F7656 /* DBManager.m in Sources */,
			);
			runOnlyForDeploymentPostprocessing = 0;
		};
		6459F3B71A81CAE1001F7656 /* Sources */ = {
			isa = PBXSourcesBuildPhase;
			buildActionMask = 2147483647;
			files = (
				6459F3C21A81CAE1001F7656 /* Laboratorio3Tests.m in Sources */,
			);
			runOnlyForDeploymentPostprocessing = 0;
		};
/* End PBXSourcesBuildPhase section */

/* Begin PBXTargetDependency section */
		6459F3BD1A81CAE1001F7656 /* PBXTargetDependency */ = {
			isa = PBXTargetDependency;
			target = 6459F3A11A81CAE1001F7656 /* Laboratorio3 */;
			targetProxy = 6459F3BC1A81CAE1001F7656 /* PBXContainerItemProxy */;
		};
/* End PBXTargetDependency section */

/* Begin PBXVariantGroup section */
		6459F3B41A81CAE1001F7656 /* LaunchScreen.xib */ = {
			isa = PBXVariantGroup;
			children = (
				6459F3B51A81CAE1001F7656 /* Base */,
			);
			name = LaunchScreen.xib;
			sourceTree = "<group>";
		};
/* End PBXVariantGroup section */

/* Begin XCBuildConfiguration section */
		6459F3C31A81CAE1001F7656 /* Debug */ = {
			isa = XCBuildConfiguration;
			buildSettings = {
				ALWAYS_SEARCH_USER_PATHS = NO;
				CLANG_CXX_LANGUAGE_STANDARD = "gnu++0x";
				CLANG_CXX_LIBRARY = "libc++";
				CLANG_ENABLE_MODULES = YES;
				CLANG_ENABLE_OBJC_ARC = YES;
				CLANG_WARN_BOOL_CONVERSION = YES;
				CLANG_WARN_CONSTANT_CONVERSION = YES;
				CLANG_WARN_DIRECT_OBJC_ISA_USAGE = YES_ERROR;
				CLANG_WARN_EMPTY_BODY = YES;
				CLANG_WARN_ENUM_CONVERSION = YES;
				CLANG_WARN_INT_CONVERSION = YES;
				CLANG_WARN_OBJC_ROOT_CLASS = YES_ERROR;
				CLANG_WARN_UNREACHABLE_CODE = YES;
				CLANG_WARN__DUPLICATE_METHOD_MATCH = YES;
				"CODE_SIGN_IDENTITY[sdk=iphoneos*]" = "iPhone Developer";
				COPY_PHASE_STRIP = NO;
				ENABLE_STRICT_OBJC_MSGSEND = YES;
				GCC_C_LANGUAGE_STANDARD = gnu99;
				GCC_DYNAMIC_NO_PIC = NO;
				GCC_OPTIMIZATION_LEVEL = 0;
				GCC_PREPROCESSOR_DEFINITIONS = (
					"DEBUG=1",
					"$(inherited)",
				);
				GCC_SYMBOLS_PRIVATE_EXTERN = NO;
				GCC_WARN_64_TO_32_BIT_CONVERSION = YES;
				GCC_WARN_ABOUT_RETURN_TYPE = YES_ERROR;
				GCC_WARN_UNDECLARED_SELECTOR = YES;
				GCC_WARN_UNINITIALIZED_AUTOS = YES_AGGRESSIVE;
				GCC_WARN_UNUSED_FUNCTION = YES;
				GCC_WARN_UNUSED_VARIABLE = YES;
				IPHONEOS_DEPLOYMENT_TARGET = 8.1;
				MTL_ENABLE_DEBUG_INFO = YES;
				ONLY_ACTIVE_ARCH = YES;
				SDKROOT = iphoneos;
			};
			name = Debug;
		};
		6459F3C41A81CAE1001F7656 /* Release */ = {
			isa = XCBuildConfiguration;
			buildSettings = {
				ALWAYS_SEARCH_USER_PATHS = NO;
				CLANG_CXX_LANGUAGE_STANDARD = "gnu++0x";
				CLANG_CXX_LIBRARY = "libc++";
				CLANG_ENABLE_MODULES = YES;
				CLANG_ENABLE_OBJC_ARC = YES;
				CLANG_WARN_BOOL_CONVERSION = YES;
				CLANG_WARN_CONSTANT_CONVERSION = YES;
				CLANG_WARN_DIRECT_OBJC_ISA_USAGE = YES_ERROR;
				CLANG_WARN_EMPTY_BODY = YES;
				CLANG_WARN_ENUM_CONVERSION = YES;
				CLANG_WARN_INT_CONVERSION = YES;
				CLANG_WARN_OBJC_ROOT_CLASS = YES_ERROR;
				CLANG_WARN_UNREACHABLE_CODE = YES;
				CLANG_WARN__DUPLICATE_METHOD_MATCH = YES;
				"CODE_SIGN_IDENTITY[sdk=iphoneos*]" = "iPhone Developer";
				COPY_PHASE_STRIP = YES;
				ENABLE_NS_ASSERTIONS = NO;
				ENABLE_STRICT_OBJC_MSGSEND = YES;
				GCC_C_LANGUAGE_STANDARD = gnu99;
				GCC_WARN_64_TO_32_BIT_CONVERSION = YES;
				GCC_WARN_ABOUT_RETURN_TYPE = YES_ERROR;
				GCC_WARN_UNDECLARED_SELECTOR = YES;
				GCC_WARN_UNINITIALIZED_AUTOS = YES_AGGRESSIVE;
				GCC_WARN_UNUSED_FUNCTION = YES;
				GCC_WARN_UNUSED_VARIABLE = YES;
				IPHONEOS_DEPLOYMENT_TARGET = 8.1;
				MTL_ENABLE_DEBUG_INFO = NO;
				SDKROOT = iphoneos;
				VALIDATE_PRODUCT = YES;
			};
			name = Release;
		};
		6459F3C61A81CAE1001F7656 /* Debug */ = {
			isa = XCBuildConfiguration;
			buildSettings = {
				ASSETCATALOG_COMPILER_APPICON_NAME = AppIcon;
				INFOPLIST_FILE = Laboratorio3/Info.plist;
				LD_RUNPATH_SEARCH_PATHS = "$(inherited) @executable_path/Frameworks";
				PRODUCT_NAME = "$(TARGET_NAME)";
			};
			name = Debug;
		};
		6459F3C71A81CAE1001F7656 /* Release */ = {
			isa = XCBuildConfiguration;
			buildSettings = {
				ASSETCATALOG_COMPILER_APPICON_NAME = AppIcon;
				INFOPLIST_FILE = Laboratorio3/Info.plist;
				LD_RUNPATH_SEARCH_PATHS = "$(inherited) @executable_path/Frameworks";
				PRODUCT_NAME = "$(TARGET_NAME)";
			};
			name = Release;
		};
		6459F3C91A81CAE1001F7656 /* Debug */ = {
			isa = XCBuildConfiguration;
			buildSettings = {
				BUNDLE_LOADER = "$(TEST_HOST)";
				FRAMEWORK_SEARCH_PATHS = (
					"$(SDKROOT)/Developer/Library/Frameworks",
					"$(inherited)",
				);
				GCC_PREPROCESSOR_DEFINITIONS = (
					"DEBUG=1",
					"$(inherited)",
				);
				INFOPLIST_FILE = Laboratorio3Tests/Info.plist;
				LD_RUNPATH_SEARCH_PATHS = "$(inherited) @executable_path/Frameworks @loader_path/Frameworks";
				PRODUCT_NAME = "$(TARGET_NAME)";
				TEST_HOST = "$(BUILT_PRODUCTS_DIR)/Laboratorio3.app/Laboratorio3";
			};
			name = Debug;
		};
		6459F3CA1A81CAE1001F7656 /* Release */ = {
			isa = XCBuildConfiguration;
			buildSettings = {
				BUNDLE_LOADER = "$(TEST_HOST)";
				FRAMEWORK_SEARCH_PATHS = (
					"$(SDKROOT)/Developer/Library/Frameworks",
					"$(inherited)",
				);
				INFOPLIST_FILE = Laboratorio3Tests/Info.plist;
				LD_RUNPATH_SEARCH_PATHS = "$(inherited) @executable_path/Frameworks @loader_path/Frameworks";
				PRODUCT_NAME = "$(TARGET_NAME)";
				TEST_HOST = "$(BUILT_PRODUCTS_DIR)/Laboratorio3.app/Laboratorio3";
			};
			name = Release;
		};
/* End XCBuildConfiguration section */

/* Begin XCConfigurationList section */
		6459F39D1A81CAE1001F7656 /* Build configuration list for PBXProject "Laboratorio3" */ = {
			isa = XCConfigurationList;
			buildConfigurations = (
				6459F3C31A81CAE1001F7656 /* Debug */,
				6459F3C41A81CAE1001F7656 /* Release */,
			);
			defaultConfigurationIsVisible = 0;
			defaultConfigurationName = Release;
		};
		6459F3C51A81CAE1001F7656 /* Build configuration list for PBXNativeTarget "Laboratorio3" */ = {
			isa = XCConfigurationList;
			buildConfigurations = (
				6459F3C61A81CAE1001F7656 /* Debug */,
				6459F3C71A81CAE1001F7656 /* Release */,
			);
			defaultConfigurationIsVisible = 0;
			defaultConfigurationName = Release;
		};
		6459F3C81A81CAE1001F7656 /* Build configuration list for PBXNativeTarget "Laboratorio3Tests" */ = {
			isa = XCConfigurationList;
			buildConfigurations = (
				6459F3C91A81CAE1001F7656 /* Debug */,
				6459F3CA1A81CAE1001F7656 /* Release */,
			);
			defaultConfigurationIsVisible = 0;
			defaultConfigurationName = Release;
		};
/* End XCConfigurationList section */
	};
	rootObject = 6459F39A1A81CAE1001F7656 /* Project object */;
}
